
Microsoft Visual Studio Solution File, Format Version 12.00
# Visual Studio Version 17
VisualStudioVersion = 17.14.36221.1 d17.14
MinimumVisualStudioVersion = 10.0.40219.1
Project("{FAE04EC0-301F-11D3-BF4B-00C04F79EFBC}") = "Hangman Valeria", "Hangman Valeria\Hangman Valeria.csproj", "{ACD92E19-AFEF-4D4B-B25F-A4B684DD2307}"
EndProject
Global
	GlobalSection(SolutionConfigurationPlatforms) = preSolution
		Debug|Any CPU = Debug|Any CPU
		Release|Any CPU = Release|Any CPU
	EndGlobalSection
	GlobalSection(ProjectConfigurationPlatforms) = postSolution
		{ACD92E19-AFEF-4D4B-B25F-A4B684DD2307}.Debug|Any CPU.ActiveCfg = Debug|Any CPU
		{ACD92E19-AFEF-4D4B-B25F-A4B684DD2307}.Debug|Any CPU.Build.0 = Debug|Any CPU
		{ACD92E19-AFEF-4D4B-B25F-A4B684DD2307}.Release|Any CPU.ActiveCfg = Release|Any CPU
		{ACD92E19-AFEF-4D4B-B25F-A4B684DD2307}.Release|Any CPU.Build.0 = Release|Any CPU
	EndGlobalSection
	GlobalSection(SolutionProperties) = preSolution
		HideSolutionNode = FALSE
	EndGlobalSection
	GlobalSection(ExtensibilityGlobals) = postSolution
		SolutionGuid = {8ED783CC-67F0-4B1A-92B6-CEE470DE704E}
	EndGlobalSection
EndGlobal
